
Microsoft Visual Studio Solution File, Format Version 12.00
# Visual Studio Version 16
VisualStudioVersion = 16.0.30309.148
MinimumVisualStudioVersion = 10.0.40219.1
Project("{9A19103F-16F7-4668-BE54-9A1E7A4F7556}") = "RedisDemo", "RedisDemo\RedisDemo.csproj", "{37C37DB9-117A-40BD-99B7-EBAE9CC0BC0A}"
EndProject
Project("{2150E333-8FDC-42A3-9474-1A3956D46DE8}") = "Documents", "Documents", "{0FC7260B-2CB3-4619-B060-C9BB9085235F}"
	ProjectSection(SolutionItems) = preProject
		Redis.md = Redis.md
		RedisInDocker.md = RedisInDocker.md
	EndProjectSection
EndProject
Project("{2150E333-8FDC-42A3-9474-1A3956D46DE8}") = "Test", "Test", "{5C260A98-C7F8-4550-AD79-3B419EF5CE7D}"
	ProjectSection(SolutionItems) = preProject
		Test\RedisCaching.postman_collection.json = Test\RedisCaching.postman_collection.json
	EndProjectSection
EndProject
Global
	GlobalSection(SolutionConfigurationPlatforms) = preSolution
		Debug|Any CPU = Debug|Any CPU
		Release|Any CPU = Release|Any CPU
	EndGlobalSection
	GlobalSection(ProjectConfigurationPlatforms) = postSolution
		{37C37DB9-117A-40BD-99B7-EBAE9CC0BC0A}.Debug|Any CPU.ActiveCfg = Debug|Any CPU
		{37C37DB9-117A-40BD-99B7-EBAE9CC0BC0A}.Debug|Any CPU.Build.0 = Debug|Any CPU
		{37C37DB9-117A-40BD-99B7-EBAE9CC0BC0A}.Release|Any CPU.ActiveCfg = Release|Any CPU
		{37C37DB9-117A-40BD-99B7-EBAE9CC0BC0A}.Release|Any CPU.Build.0 = Release|Any CPU
	EndGlobalSection
	GlobalSection(SolutionProperties) = preSolution
		HideSolutionNode = FALSE
	EndGlobalSection
	GlobalSection(ExtensibilityGlobals) = postSolution
		SolutionGuid = {AB8F62D6-07AD-4BF9-A83A-8444DB0AA9F4}
	EndGlobalSection
EndGlobal
